
Microsoft Visual Studio Solution File, Format Version 12.00
# Visual Studio Version 17
VisualStudioVersion = 17.4.33213.308
MinimumVisualStudioVersion = 10.0.40219.1
Project("{9A19103F-16F7-4668-BE54-9A1E7A4F7556}") = "BrownbagSession2", "BrownbagSession2\BrownbagSession2.csproj", "{A521D440-0EA6-465E-B482-7C642D7BF154}"
EndProject
Global
	GlobalSection(SolutionConfigurationPlatforms) = preSolution
		Debug|Any CPU = Debug|Any CPU
		Release|Any CPU = Release|Any CPU
	EndGlobalSection
	GlobalSection(ProjectConfigurationPlatforms) = postSolution
		{A521D440-0EA6-465E-B482-7C642D7BF154}.Debug|Any CPU.ActiveCfg = Debug|Any CPU
		{A521D440-0EA6-465E-B482-7C642D7BF154}.Debug|Any CPU.Build.0 = Debug|Any CPU
		{A521D440-0EA6-465E-B482-7C642D7BF154}.Release|Any CPU.ActiveCfg = Release|Any CPU
		{A521D440-0EA6-465E-B482-7C642D7BF154}.Release|Any CPU.Build.0 = Release|Any CPU
	EndGlobalSection
	GlobalSection(SolutionProperties) = preSolution
		HideSolutionNode = FALSE
	EndGlobalSection
	GlobalSection(ExtensibilityGlobals) = postSolution
		SolutionGuid = {6DD717EE-929E-47A8-A1E2-AAE32CB2A132}
	EndGlobalSection
EndGlobal
